
Microsoft Visual Studio Solution File, Format Version 12.00
# Visual Studio Version 16
VisualStudioVersion = 16.0.28803.352
MinimumVisualStudioVersion = 10.0.40219.1
Project("{FAE04EC0-301F-11D3-BF4B-00C04F79EFBC}") = "Typeracer Bot", "Typeracer Bot.csproj", "{16704F95-2590-4692-9DF0-61C82CB03147}"
EndProject
Project("{FAE04EC0-301F-11D3-BF4B-00C04F79EFBC}") = "chromedriver-killer", "..\chromedriver-killer\chromedriver-killer.csproj", "{9F501ED9-D39D-4D3B-B0D0-8EFFC7D74AFC}"
EndProject
Global
	GlobalSection(SolutionConfigurationPlatforms) = preSolution
		Debug|Any CPU = Debug|Any CPU
		Release|Any CPU = Release|Any CPU
	EndGlobalSection
	GlobalSection(ProjectConfigurationPlatforms) = postSolution
		{16704F95-2590-4692-9DF0-61C82CB03147}.Debug|Any CPU.ActiveCfg = Debug|Any CPU
		{16704F95-2590-4692-9DF0-61C82CB03147}.Debug|Any CPU.Build.0 = Debug|Any CPU
		{16704F95-2590-4692-9DF0-61C82CB03147}.Release|Any CPU.ActiveCfg = Release|Any CPU
		{16704F95-2590-4692-9DF0-61C82CB03147}.Release|Any CPU.Build.0 = Release|Any CPU
		{9F501ED9-D39D-4D3B-B0D0-8EFFC7D74AFC}.Debug|Any CPU.ActiveCfg = Debug|Any CPU
		{9F501ED9-D39D-4D3B-B0D0-8EFFC7D74AFC}.Debug|Any CPU.Build.0 = Debug|Any CPU
		{9F501ED9-D39D-4D3B-B0D0-8EFFC7D74AFC}.Release|Any CPU.ActiveCfg = Release|Any CPU
		{9F501ED9-D39D-4D3B-B0D0-8EFFC7D74AFC}.Release|Any CPU.Build.0 = Release|Any CPU
	EndGlobalSection
	GlobalSection(SolutionProperties) = preSolution
		HideSolutionNode = FALSE
	EndGlobalSection
	GlobalSection(ExtensibilityGlobals) = postSolution
		SolutionGuid = {0C64B9D5-51C6-404A-A24F-01EA26A6C042}
	EndGlobalSection
EndGlobal
